%{"bbmustache": {:hex, :bbmustache, "1.0.4", "7ba94f971c5afd7b6617918a4bb74705e36cab36eb84b19b6a1b7ee06427aa38", [:rebar], []},
  "cf": {:hex, :cf, "0.2.1", "69d0b1349fd4d7d4dc55b7f407d29d7a840bf9a1ef5af529f1ebe0ce153fc2ab", [:rebar3], []},
  "erlware_commons": {:hex, :erlware_commons, "0.21.0", "a04433071ad7d112edefc75ac77719dd3e6753e697ac09428fc83d7564b80b15", [:rebar3], [{:cf, "0.2.1", [hex: :cf, optional: false]}]},
  "exrm": {:hex, :exrm, "1.0.8", "5aa8990cdfe300282828b02cefdc339e235f7916388ce99f9a1f926a9271a45d", [:mix], [{:relx, "~> 3.5", [hex: :relx, optional: false]}]},
  "getopt": {:hex, :getopt, "0.8.2", "b17556db683000ba50370b16c0619df1337e7af7ecbf7d64fbf8d1d6bce3109b", [:rebar], []},
  "nerves": {:hex, :nerves, "0.3.4", "7de99513f2775633e2db00acbf7437c55bd132f19b7406814f50818702b381b5", [:mix], [{:exrm, "~> 1.0.6", [hex: :exrm, optional: false]}]},
  "nerves_system": {:hex, :nerves_system, "0.1.5", "3b523a49eb6c0f49239d1354b772d824be9d62be13651fe2878a9ba5ffd737b0", [:mix], [{:porcelain, "~> 2.0", [hex: :porcelain, optional: false]}]},
  "nerves_system_br": {:hex, :nerves_system_br, "0.6.1", "c3f0d07bf0919a5065cf4d34c42656595a7a30109624ea3ddda315882d6ce54a", [:mix], []},
  "nerves_system_linkit": {:hex, :nerves_system_linkit, "0.6.2", "773cf858e8be9b306202ba704992a496fa5ec97b2849d644f5ac2f3b9d9c44e9", [:mix], [{:nerves_system, "~> 0.1.4", [hex: :nerves_system, optional: false]}, {:nerves_system_br, "~> 0.6.1", [hex: :nerves_system_br, optional: false]}, {:nerves_toolchain_mipsel_unknown_linux_musl, "~> 0.6.3", [hex: :nerves_toolchain_mipsel_unknown_linux_musl, optional: false]}]},
  "nerves_toolchain": {:hex, :nerves_toolchain, "0.6.4", "fa48cc34bf113d4de640cc0a9912bbf27c10703cbb7254776f61938140de030f", [:mix], []},
  "nerves_toolchain_mipsel_unknown_linux_musl": {:hex, :nerves_toolchain_mipsel_unknown_linux_musl, "0.6.3", "0a7012f43c710ec31aa6576cc96ed4fc9088c076167312c29200f590a3a244f1", [:mix], [{:nerves_toolchain, "~> 0.6.2", [hex: :nerves_toolchain, optional: false]}]},
  "porcelain": {:hex, :porcelain, "2.0.2", "c1d4863de3e391195e36457bb3d7e17ee1bca5a44f1d708bc037c313342f58e9", [:mix], []},
  "providers": {:hex, :providers, "1.6.0", "db0e2f9043ae60c0155205fcd238d68516331d0e5146155e33d1e79dc452964a", [:rebar3], [{:getopt, "0.8.2", [hex: :getopt, optional: false]}]},
  "relx": {:hex, :relx, "3.21.0", "91e1ea9f09b4edfda8461901f4b5c5e0226e43ec161e147eeab29f7761df6eb5", [:rebar3], [{:bbmustache, "1.0.4", [hex: :bbmustache, optional: false]}, {:cf, "0.2.1", [hex: :cf, optional: false]}, {:erlware_commons, "0.21.0", [hex: :erlware_commons, optional: false]}, {:getopt, "0.8.2", [hex: :getopt, optional: false]}, {:providers, "1.6.0", [hex: :providers, optional: false]}]}}
